
Microsoft Visual Studio Solution File, Format Version 12.00
# Visual Studio Version 17
VisualStudioVersion = 17.2.32602.215
MinimumVisualStudioVersion = 10.0.40219.1
Project("{FAE04EC0-301F-11D3-BF4B-00C04F79EFBC}") = "ManterCursos", "ManterCursos\ManterCursos.csproj", "{47F38AB6-1D69-482E-B0E9-6695A645A4AB}"
EndProject
Global
	GlobalSection(SolutionConfigurationPlatforms) = preSolution
		Debug|Any CPU = Debug|Any CPU
		Release|Any CPU = Release|Any CPU
	EndGlobalSection
	GlobalSection(ProjectConfigurationPlatforms) = postSolution
		{47F38AB6-1D69-482E-B0E9-6695A645A4AB}.Debug|Any CPU.ActiveCfg = Debug|Any CPU
		{47F38AB6-1D69-482E-B0E9-6695A645A4AB}.Debug|Any CPU.Build.0 = Debug|Any CPU
		{47F38AB6-1D69-482E-B0E9-6695A645A4AB}.Release|Any CPU.ActiveCfg = Release|Any CPU
		{47F38AB6-1D69-482E-B0E9-6695A645A4AB}.Release|Any CPU.Build.0 = Release|Any CPU
	EndGlobalSection
	GlobalSection(SolutionProperties) = preSolution
		HideSolutionNode = FALSE
	EndGlobalSection
	GlobalSection(ExtensibilityGlobals) = postSolution
		SolutionGuid = {30CFF639-C471-4A46-BA9E-C9E6ABE465FB}
	EndGlobalSection
EndGlobal
